
Microsoft Visual Studio Solution File, Format Version 12.00
# Visual Studio Version 17
VisualStudioVersion = 17.11.35303.130
MinimumVisualStudioVersion = 10.0.40219.1
Project("{FAE04EC0-301F-11D3-BF4B-00C04F79EFBC}") = "Day1", "Day1\Day1.csproj", "{414AC071-55DC-41E8-B75A-1C874BF3D0A1}"
EndProject
Project("{FAE04EC0-301F-11D3-BF4B-00C04F79EFBC}") = "Day2", "Day2\Day2.csproj", "{0FEBB707-7E82-4AFF-A380-34289853C7E8}"
EndProject
Project("{FAE04EC0-301F-11D3-BF4B-00C04F79EFBC}") = "Day3", "Day3\Day3.csproj", "{BED65F24-DDBA-49EC-9264-0234F444F3C0}"
EndProject
Project("{FAE04EC0-301F-11D3-BF4B-00C04F79EFBC}") = "Day4", "Day4\Day4.csproj", "{1335E7ED-8DCE-479E-BFCB-3621A9CED729}"
EndProject
Project("{FAE04EC0-301F-11D3-BF4B-00C04F79EFBC}") = "Day5", "Day5\Day5.csproj", "{D367E7DB-C514-4ADE-874F-521DB2378AEE}"
EndProject
Project("{FAE04EC0-301F-11D3-BF4B-00C04F79EFBC}") = "Day6", "Day6\Day6.csproj", "{648EAA82-52C4-4324-AC9C-4B3AE9459080}"
EndProject
Project("{FAE04EC0-301F-11D3-BF4B-00C04F79EFBC}") = "Day7", "Day7\Day7.csproj", "{FE948C53-FE67-49F4-BE8E-1777207613B8}"
EndProject
Project("{FAE04EC0-301F-11D3-BF4B-00C04F79EFBC}") = "Day8", "Day8\Day8.csproj", "{F30962CA-3310-4C1A-8296-7A00A1968358}"
EndProject
Project("{FAE04EC0-301F-11D3-BF4B-00C04F79EFBC}") = "Day9", "Day9\Day9.csproj", "{8FE63A20-25EC-43CC-8F3D-996A21D0BCF6}"
EndProject
Project("{FAE04EC0-301F-11D3-BF4B-00C04F79EFBC}") = "Day10", "Day10\Day10.csproj", "{6CD32A68-06BB-47FF-B780-CC905A39AEEE}"
EndProject
Project("{FAE04EC0-301F-11D3-BF4B-00C04F79EFBC}") = "Day11", "Day11\Day11.csproj", "{4A01F631-F316-4BD5-923A-C1C28386CC5B}"
EndProject
Project("{FAE04EC0-301F-11D3-BF4B-00C04F79EFBC}") = "Day12", "Day12\Day12.csproj", "{AEA0DA98-0BC8-4CDA-9092-F0957C80151D}"
EndProject
Project("{FAE04EC0-301F-11D3-BF4B-00C04F79EFBC}") = "Common", "Common\Common.csproj", "{65470187-8247-4AFC-B97E-D40BF5484CA3}"
EndProject
Project("{FAE04EC0-301F-11D3-BF4B-00C04F79EFBC}") = "Day13", "Day13\Day13.csproj", "{39536029-471C-47D4-A191-92DF8A4AB43E}"
EndProject
Project("{FAE04EC0-301F-11D3-BF4B-00C04F79EFBC}") = "Day14", "Day14\Day14.csproj", "{3BCF76A4-39B1-4112-9856-5E61AC5315E1}"
EndProject
Project("{FAE04EC0-301F-11D3-BF4B-00C04F79EFBC}") = "Day15", "Day15\Day15.csproj", "{E84ACBD7-D401-4004-A75C-E4C9E2E46F13}"
EndProject
Global
	GlobalSection(SolutionConfigurationPlatforms) = preSolution
		Debug|Any CPU = Debug|Any CPU
		Release|Any CPU = Release|Any CPU
	EndGlobalSection
	GlobalSection(ProjectConfigurationPlatforms) = postSolution
		{414AC071-55DC-41E8-B75A-1C874BF3D0A1}.Debug|Any CPU.ActiveCfg = Debug|Any CPU
		{414AC071-55DC-41E8-B75A-1C874BF3D0A1}.Debug|Any CPU.Build.0 = Debug|Any CPU
		{414AC071-55DC-41E8-B75A-1C874BF3D0A1}.Release|Any CPU.ActiveCfg = Release|Any CPU
		{414AC071-55DC-41E8-B75A-1C874BF3D0A1}.Release|Any CPU.Build.0 = Release|Any CPU
		{0FEBB707-7E82-4AFF-A380-34289853C7E8}.Debug|Any CPU.ActiveCfg = Debug|Any CPU
		{0FEBB707-7E82-4AFF-A380-34289853C7E8}.Debug|Any CPU.Build.0 = Debug|Any CPU
		{0FEBB707-7E82-4AFF-A380-34289853C7E8}.Release|Any CPU.ActiveCfg = Release|Any CPU
		{0FEBB707-7E82-4AFF-A380-34289853C7E8}.Release|Any CPU.Build.0 = Release|Any CPU
		{BED65F24-DDBA-49EC-9264-0234F444F3C0}.Debug|Any CPU.ActiveCfg = Debug|Any CPU
		{BED65F24-DDBA-49EC-9264-0234F444F3C0}.Debug|Any CPU.Build.0 = Debug|Any CPU
		{BED65F24-DDBA-49EC-9264-0234F444F3C0}.Release|Any CPU.ActiveCfg = Release|Any CPU
		{BED65F24-DDBA-49EC-9264-0234F444F3C0}.Release|Any CPU.Build.0 = Release|Any CPU
		{1335E7ED-8DCE-479E-BFCB-3621A9CED729}.Debug|Any CPU.ActiveCfg = Debug|Any CPU
		{1335E7ED-8DCE-479E-BFCB-3621A9CED729}.Debug|Any CPU.Build.0 = Debug|Any CPU
		{1335E7ED-8DCE-479E-BFCB-3621A9CED729}.Release|Any CPU.ActiveCfg = Release|Any CPU
		{1335E7ED-8DCE-479E-BFCB-3621A9CED729}.Release|Any CPU.Build.0 = Release|Any CPU
		{D367E7DB-C514-4ADE-874F-521DB2378AEE}.Debug|Any CPU.ActiveCfg = Debug|Any CPU
		{D367E7DB-C514-4ADE-874F-521DB2378AEE}.Debug|Any CPU.Build.0 = Debug|Any CPU
		{D367E7DB-C514-4ADE-874F-521DB2378AEE}.Release|Any CPU.ActiveCfg = Release|Any CPU
		{D367E7DB-C514-4ADE-874F-521DB2378AEE}.Release|Any CPU.Build.0 = Release|Any CPU
		{648EAA82-52C4-4324-AC9C-4B3AE9459080}.Debug|Any CPU.ActiveCfg = Debug|Any CPU
		{648EAA82-52C4-4324-AC9C-4B3AE9459080}.Debug|Any CPU.Build.0 = Debug|Any CPU
		{648EAA82-52C4-4324-AC9C-4B3AE9459080}.Release|Any CPU.ActiveCfg = Release|Any CPU
		{648EAA82-52C4-4324-AC9C-4B3AE9459080}.Release|Any CPU.Build.0 = Release|Any CPU
		{FE948C53-FE67-49F4-BE8E-1777207613B8}.Debug|Any CPU.ActiveCfg = Debug|Any CPU
		{FE948C53-FE67-49F4-BE8E-1777207613B8}.Debug|Any CPU.Build.0 = Debug|Any CPU
		{FE948C53-FE67-49F4-BE8E-1777207613B8}.Release|Any CPU.ActiveCfg = Release|Any CPU
		{FE948C53-FE67-49F4-BE8E-1777207613B8}.Release|Any CPU.Build.0 = Release|Any CPU
		{F30962CA-3310-4C1A-8296-7A00A1968358}.Debug|Any CPU.ActiveCfg = Debug|Any CPU
		{F30962CA-3310-4C1A-8296-7A00A1968358}.Debug|Any CPU.Build.0 = Debug|Any CPU
		{F30962CA-3310-4C1A-8296-7A00A1968358}.Release|Any CPU.ActiveCfg = Release|Any CPU
		{F30962CA-3310-4C1A-8296-7A00A1968358}.Release|Any CPU.Build.0 = Release|Any CPU
		{8FE63A20-25EC-43CC-8F3D-996A21D0BCF6}.Debug|Any CPU.ActiveCfg = Debug|Any CPU
		{8FE63A20-25EC-43CC-8F3D-996A21D0BCF6}.Debug|Any CPU.Build.0 = Debug|Any CPU
		{8FE63A20-25EC-43CC-8F3D-996A21D0BCF6}.Release|Any CPU.ActiveCfg = Release|Any CPU
		{8FE63A20-25EC-43CC-8F3D-996A21D0BCF6}.Release|Any CPU.Build.0 = Release|Any CPU
		{6CD32A68-06BB-47FF-B780-CC905A39AEEE}.Debug|Any CPU.ActiveCfg = Debug|Any CPU
		{6CD32A68-06BB-47FF-B780-CC905A39AEEE}.Debug|Any CPU.Build.0 = Debug|Any CPU
		{6CD32A68-06BB-47FF-B780-CC905A39AEEE}.Release|Any CPU.ActiveCfg = Release|Any CPU
		{6CD32A68-06BB-47FF-B780-CC905A39AEEE}.Release|Any CPU.Build.0 = Release|Any CPU
		{4A01F631-F316-4BD5-923A-C1C28386CC5B}.Debug|Any CPU.ActiveCfg = Debug|Any CPU
		{4A01F631-F316-4BD5-923A-C1C28386CC5B}.Debug|Any CPU.Build.0 = Debug|Any CPU
		{4A01F631-F316-4BD5-923A-C1C28386CC5B}.Release|Any CPU.ActiveCfg = Release|Any CPU
		{4A01F631-F316-4BD5-923A-C1C28386CC5B}.Release|Any CPU.Build.0 = Release|Any CPU
		{AEA0DA98-0BC8-4CDA-9092-F0957C80151D}.Debug|Any CPU.ActiveCfg = Debug|Any CPU
		{AEA0DA98-0BC8-4CDA-9092-F0957C80151D}.Debug|Any CPU.Build.0 = Debug|Any CPU
		{AEA0DA98-0BC8-4CDA-9092-F0957C80151D}.Release|Any CPU.ActiveCfg = Release|Any CPU
		{AEA0DA98-0BC8-4CDA-9092-F0957C80151D}.Release|Any CPU.Build.0 = Release|Any CPU
		{65470187-8247-4AFC-B97E-D40BF5484CA3}.Debug|Any CPU.ActiveCfg = Debug|Any CPU
		{65470187-8247-4AFC-B97E-D40BF5484CA3}.Debug|Any CPU.Build.0 = Debug|Any CPU
		{65470187-8247-4AFC-B97E-D40BF5484CA3}.Release|Any CPU.ActiveCfg = Release|Any CPU
		{65470187-8247-4AFC-B97E-D40BF5484CA3}.Release|Any CPU.Build.0 = Release|Any CPU
		{39536029-471C-47D4-A191-92DF8A4AB43E}.Debug|Any CPU.ActiveCfg = Debug|Any CPU
		{39536029-471C-47D4-A191-92DF8A4AB43E}.Debug|Any CPU.Build.0 = Debug|Any CPU
		{39536029-471C-47D4-A191-92DF8A4AB43E}.Release|Any CPU.ActiveCfg = Release|Any CPU
		{39536029-471C-47D4-A191-92DF8A4AB43E}.Release|Any CPU.Build.0 = Release|Any CPU
		{3BCF76A4-39B1-4112-9856-5E61AC5315E1}.Debug|Any CPU.ActiveCfg = Debug|Any CPU
		{3BCF76A4-39B1-4112-9856-5E61AC5315E1}.Debug|Any CPU.Build.0 = Debug|Any CPU
		{3BCF76A4-39B1-4112-9856-5E61AC5315E1}.Release|Any CPU.ActiveCfg = Release|Any CPU
		{3BCF76A4-39B1-4112-9856-5E61AC5315E1}.Release|Any CPU.Build.0 = Release|Any CPU
		{E84ACBD7-D401-4004-A75C-E4C9E2E46F13}.Debug|Any CPU.ActiveCfg = Debug|Any CPU
		{E84ACBD7-D401-4004-A75C-E4C9E2E46F13}.Debug|Any CPU.Build.0 = Debug|Any CPU
		{E84ACBD7-D401-4004-A75C-E4C9E2E46F13}.Release|Any CPU.ActiveCfg = Release|Any CPU
		{E84ACBD7-D401-4004-A75C-E4C9E2E46F13}.Release|Any CPU.Build.0 = Release|Any CPU
	EndGlobalSection
	GlobalSection(SolutionProperties) = preSolution
		HideSolutionNode = FALSE
	EndGlobalSection
	GlobalSection(ExtensibilityGlobals) = postSolution
		SolutionGuid = {B895E76B-3CC3-47DE-B687-C692A7C2C794}
	EndGlobalSection
EndGlobal
